PODS:
  - Alamofire (4.5.1)
  - Kingfisher (4.1.0)
  - SwiftProgressHUD (0.0.5)

DEPENDENCIES:
  - Alamofire
  - Kingfisher
  - SwiftProgressHUD

SPEC CHECKSUMS:
  Alamofire: 2d95912bf4c34f164fdfc335872e8c312acaea4a
  Kingfisher: f14df8cbe576bf55f211fa589e9869bceb4ea87d
  SwiftProgressHUD: 74856c5d9538bad076d449c2a2c72af51e62ab84

PODFILE CHECKSUM: 5cfb3bacffda9f98dfbb3a1ac345392aa23aa64d

COCOAPODS: 1.2.1
